{
  "name": "zero-liquidation-loans",
  "lockfileVersion": 2,
  "requires": true,
  "packages": {
    "": {
      "dependencies": {
        "@chainlink/contracts": "^0.2.1",
        "@openzeppelin/contracts": "^3.3.0",
        "abdk-libraries-solidity": "2.5"
      }
    },
    "node_modules/@chainlink/contracts": {
      "version": "0.2.1",
      "resolved": "https://registry.npmjs.org/@chainlink/contracts/-/contracts-0.2.1.tgz",
      "integrity": "sha512-mAQgPQKiqW3tLMlp31NgcnXpwG3lttgKU0izAqKiirJ9LH7rQ+O0oHIVR5Qp2yuqgmfbLsgfdLo4GcVC8IFz3Q=="
    },
    "node_modules/@openzeppelin/contracts": {
      "version": "3.3.0",
      "resolved": "https://registry.npmjs.org/@openzeppelin/contracts/-/contracts-3.3.0.tgz",
      "integrity": "sha512-AemZEsQYtUp1WRkcmZm1div5ORfTpLquLaziCIrSagjxyKdmObxuaY1yjQ5SHFMctR8rLwp706NXTbiIRJg7pw=="
    },
    "node_modules/abdk-libraries-solidity": {
      "version": "2.5.0",
      "resolved": "https://registry.npmjs.org/abdk-libraries-solidity/-/abdk-libraries-solidity-2.5.0.tgz",
      "integrity": "sha512-hLe1vdJsgjmQMBIMxWbr1fFWblL8QINBBHar1+83d6yOA8Isa/IFfmB1llR84OrQ2oqnk606FrwHPksYLY2MJw=="
    }
  },
  "dependencies": {
    "@chainlink/contracts": {
      "version": "0.2.1",
      "resolved": "https://registry.npmjs.org/@chainlink/contracts/-/contracts-0.2.1.tgz",
      "integrity": "sha512-mAQgPQKiqW3tLMlp31NgcnXpwG3lttgKU0izAqKiirJ9LH7rQ+O0oHIVR5Qp2yuqgmfbLsgfdLo4GcVC8IFz3Q=="
    },
    "@openzeppelin/contracts": {
      "version": "3.3.0",
      "resolved": "https://registry.npmjs.org/@openzeppelin/contracts/-/contracts-3.3.0.tgz",
      "integrity": "sha512-AemZEsQYtUp1WRkcmZm1div5ORfTpLquLaziCIrSagjxyKdmObxuaY1yjQ5SHFMctR8rLwp706NXTbiIRJg7pw=="
    },
    "abdk-libraries-solidity": {
      "version": "2.5.0",
      "resolved": "https://registry.npmjs.org/abdk-libraries-solidity/-/abdk-libraries-solidity-2.5.0.tgz",
      "integrity": "sha512-hLe1vdJsgjmQMBIMxWbr1fFWblL8QINBBHar1+83d6yOA8Isa/IFfmB1llR84OrQ2oqnk606FrwHPksYLY2MJw=="
    }
  }
}
